// !$*UTF8*$!
{
	archiveVersion = 1;
	classes = {
	};
	objectVersion = 46;
	objects = {

/* Begin PBXBuildFile section */
		438833E71B9FD7E4006D2519 /* main.m in Sources */ = {isa = PBXBuildFile; fileRef = 438833E61B9FD7E4006D2519 /* main.m */; };
		438833EA1B9FD7E4006D2519 /* AppDelegate.m in Sources */ = {isa = PBXBuildFile; fileRef = 438833E91B9FD7E4006D2519 /* AppDelegate.m */; };
		438833ED1B9FD7E4006D2519 /* ViewController.m in Sources */ = {isa = PBXBuildFile; fileRef = 438833EC1B9FD7E4006D2519 /* ViewController.m */; };
		438833F01B9FD7E4006D2519 /* Main.storyboard in Resources */ = {isa = PBXBuildFile; fileRef = 438833EE1B9FD7E4006D2519 /* Main.storyboard */; };
		438833F21B9FD7E4006D2519 /* Images.xcassets in Resources */ = {isa = PBXBuildFile; fileRef = 438833F11B9FD7E4006D2519 /* Images.xcassets */; };
		438833F51B9FD7E4006D2519 /* LaunchScreen.xib in Resources */ = {isa = PBXBuildFile; fileRef = 438833F31B9FD7E4006D2519 /* LaunchScreen.xib */; };
		438834011B9FD7E4006D2519 /* Hello_worldTests.m in Sources */ = {isa = PBXBuildFile; fileRef = 438834001B9FD7E4006D2519 /* Hello_worldTests.m */; };
/* End PBXBuildFile section */

/* Begin PBXContainerItemProxy section */
		438833FB1B9FD7E4006D2519 /* PBXContainerItemProxy */ = {
			isa = PBXContainerItemProxy;
			containerPortal = 438833D91B9FD7E4006D2519 /* Project object */;
			proxyType = 1;
			remoteGlobalIDString = 438833E01B9FD7E4006D2519;
			remoteInfo = "Hello world";
		};
/* End PBXContainerItemProxy section */

/* Begin PBXFileReference section */
		438833E11B9FD7E4006D2519 /* Hello world.app */ = {isa = PBXFileReference; explicitFileType = wrapper.application; includeInIndex = 0; path = "Hello world.app"; sourceTree = BUILT_PRODUCTS_DIR; };
		438833E51B9FD7E4006D2519 /* Info.plist */ = {isa = PBXFileReference; lastKnownFileType = text.plist.xml; path = Info.plist; sourceTree = "<group>"; };
		438833E61B9FD7E4006D2519 /* main.m */ = {isa = PBXFileReference; lastKnownFileType = sourcecode.c.objc; path = main.m; sourceTree = "<group>"; };
		438833E81B9FD7E4006D2519 /* AppDelegate.h */ = {isa = PBXFileReference; lastKnownFileType = sourcecode.c.h; path = AppDelegate.h; sourceTree = "<group>"; };
		438833E91B9FD7E4006D2519 /* AppDelegate.m */ = {isa = PBXFileReference; lastKnownFileType = sourcecode.c.objc; path = AppDelegate.m; sourceTree = "<group>"; };
		438833EB1B9FD7E4006D2519 /* ViewController.h */ = {isa = PBXFileReference; lastKnownFileType = sourcecode.c.h; path = ViewController.h; sourceTree = "<group>"; };
		438833EC1B9FD7E4006D2519 /* ViewController.m */ = {isa = PBXFileReference; lastKnownFileType = sourcecode.c.objc; path = ViewController.m; sourceTree = "<group>"; };
		438833EF1B9FD7E4006D2519 /* Base */ = {isa = PBXFileReference; lastKnownFileType = file.storyboard; name = Base; path = Base.lproj/Main.storyboard; sourceTree = "<group>"; };
		438833F11B9FD7E4006D2519 /* Images.xcassets */ = {isa = PBXFileReference; lastKnownFileType = folder.assetcatalog; path = Images.xcassets; sourceTree = "<group>"; };
		438833F41B9FD7E4006D2519 /* Base */ = {isa = PBXFileReference; lastKnownFileType = file.xib; name = Base; path = Base.lproj/LaunchScreen.xib; sourceTree = "<group>"; };
		438833FA1B9FD7E4006D2519 /* Hello worldTests.xctest */ = {isa = PBXFileReference; explicitFileType = wrapper.cfbundle; includeInIndex = 0; path = "Hello worldTests.xctest"; sourceTree = BUILT_PRODUCTS_DIR; };
		438833FF1B9FD7E4006D2519 /* Info.plist */ = {isa = PBXFileReference; lastKnownFileType = text.plist.xml; path = Info.plist; sourceTree = "<group>"; };
		438834001B9FD7E4006D2519 /* Hello_worldTests.m */ = {isa = PBXFileReference; lastKnownFileType = sourcecode.c.objc; path = Hello_worldTests.m; sourceTree = "<group>"; };
/* End PBXFileReference section */

/* Begin PBXFrameworksBuildPhase section */
		438833DE1B9FD7E4006D2519 /* Frameworks */ = {
			isa = PBXFrameworksBuildPhase;
			buildActionMask = 2147483647;
			files = (
			);
			runOnlyForDeploymentPostprocessing = 0;
		};
		438833F71B9FD7E4006D2519 /* Frameworks */ = {
			isa = PBXFrameworksBuildPhase;
			buildActionMask = 2147483647;
			files = (
			);
			runOnlyForDeploymentPostprocessing = 0;
		};
/* End PBXFrameworksBuildPhase section */

/* Begin PBXGroup section */
		438833D81B9FD7E4006D2519 = {
			isa = PBXGroup;
			children = (
				438833E31B9FD7E4006D2519 /* Hello world */,
				438833FD1B9FD7E4006D2519 /* Hello worldTests */,
				438833E21B9FD7E4006D2519 /* Products */,
			);
			sourceTree = "<group>";
		};
		438833E21B9FD7E4006D2519 /* Products */ = {
			isa = PBXGroup;
			children = (
				438833E11B9FD7E4006D2519 /* Hello world.app */,
				438833FA1B9FD7E4006D2519 /* Hello worldTests.xctest */,
			);
			name = Products;
			sourceTree = "<group>";
		};
		438833E31B9FD7E4006D2519 /* Hello world */ = {
			isa = PBXGroup;
			children = (
				438833E81B9FD7E4006D2519 /* AppDelegate.h */,
				438833E91B9FD7E4006D2519 /* AppDelegate.m */,
				438833EB1B9FD7E4006D2519 /* ViewController.h */,
				438833EC1B9FD7E4006D2519 /* ViewController.m */,
				438833EE1B9FD7E4006D2519 /* Main.storyboard */,
				438833F11B9FD7E4006D2519 /* Images.xcassets */,
				438833F31B9FD7E4006D2519 /* LaunchScreen.xib */,
				438833E41B9FD7E4006D2519 /* Supporting Files */,
			);
			path = "Hello world";
			sourceTree = "<group>";
		};
		438833E41B9FD7E4006D2519 /* Supporting Files */ = {
			isa = PBXGroup;
			children = (
				438833E51B9FD7E4006D2519 /* Info.plist */,
				438833E61B9FD7E4006D2519 /* main.m */,
			);
			name = "Supporting Files";
			sourceTree = "<group>";
		};
		438833FD1B9FD7E4006D2519 /* Hello worldTests */ = {
			isa = PBXGroup;
			children = (
				438834001B9FD7E4006D2519 /* Hello_worldTests.m */,
				438833FE1B9FD7E4006D2519 /* Supporting Files */,
			);
			path = "Hello worldTests";
			sourceTree = "<group>";
		};
		438833FE1B9FD7E4006D2519 /* Supporting Files */ = {
			isa = PBXGroup;
			children = (
				438833FF1B9FD7E4006D2519 /* Info.plist */,
			);
			name = "Supporting Files";
			sourceTree = "<group>";
		};
/* End PBXGroup section */

/* Begin PBXNativeTarget section */
		438833E01B9FD7E4006D2519 /* Hello world */ = {
			isa = PBXNativeTarget;
			buildConfigurationList = 438834041B9FD7E4006D2519 /* Build configuration list for PBXNativeTarget "Hello world" */;
			buildPhases = (
				438833DD1B9FD7E4006D2519 /* Sources */,
				438833DE1B9FD7E4006D2519 /* Frameworks */,
				438833DF1B9FD7E4006D2519 /* Resources */,
			);
			buildRules = (
			);
			dependencies = (
			);
			name = "Hello world";
			productName = "Hello world";
			productReference = 438833E11B9FD7E4006D2519 /* Hello world.app */;
			productType = "com.apple.product-type.application";
		};
		438833F91B9FD7E4006D2519 /* Hello worldTests */ = {
			isa = PBXNativeTarget;
			buildConfigurationList = 438834071B9FD7E4006D2519 /* Build configuration list for PBXNativeTarget "Hello worldTests" */;
			buildPhases = (
				438833F61B9FD7E4006D2519 /* Sources */,
				438833F71B9FD7E4006D2519 /* Frameworks */,
				438833F81B9FD7E4006D2519 /* Resources */,
			);
			buildRules = (
			);
			dependencies = (
				438833FC1B9FD7E4006D2519 /* PBXTargetDependency */,
			);
			name = "Hello worldTests";
			productName = "Hello worldTests";
			productReference = 438833FA1B9FD7E4006D2519 /* Hello worldTests.xctest */;
			productType = "com.apple.product-type.bundle.unit-test";
		};
/* End PBXNativeTarget section */

/* Begin PBXProject section */
		438833D91B9FD7E4006D2519 /* Project object */ = {
			isa = PBXProject;
			attributes = {
				LastUpgradeCheck = 0640;
				ORGANIZATIONNAME = nate;
				TargetAttributes = {
					438833E01B9FD7E4006D2519 = {
						CreatedOnToolsVersion = 6.4;
					};
					438833F91B9FD7E4006D2519 = {
						CreatedOnToolsVersion = 6.4;
						TestTargetID = 438833E01B9FD7E4006D2519;
					};
				};
			};
			buildConfigurationList = 438833DC1B9FD7E4006D2519 /* Build configuration list for PBXProject "Hello world" */;
			compatibilityVersion = "Xcode 3.2";
			developmentRegion = English;
			hasScannedForEncodings = 0;
			knownRegions = (
				en,
				Base,
			);
			mainGroup = 438833D81B9FD7E4006D2519;
			productRefGroup = 438833E21B9FD7E4006D2519 /* Products */;
			projectDirPath = "";
			projectRoot = "";
			targets = (
				438833E01B9FD7E4006D2519 /* Hello world */,
				438833F91B9FD7E4006D2519 /* Hello worldTests */,
			);
		};
/* End PBXProject section */

/* Begin PBXResourcesBuildPhase section */
		438833DF1B9FD7E4006D2519 /* Resources */ = {
			isa = PBXResourcesBuildPhase;
			buildActionMask = 2147483647;
			files = (
				438833F01B9FD7E4006D2519 /* Main.storyboard in Resources */,
				438833F51B9FD7E4006D2519 /* LaunchScreen.xib in Resources */,
				438833F21B9FD7E4006D2519 /* Images.xcassets in Resources */,
			);
			runOnlyForDeploymentPostprocessing = 0;
		};
		438833F81B9FD7E4006D2519 /* Resources */ = {
			isa = PBXResourcesBuildPhase;
			buildActionMask = 2147483647;
			files = (
			);
			runOnlyForDeploymentPostprocessing = 0;
		};
/* End PBXResourcesBuildPhase section */

/* Begin PBXSourcesBuildPhase section */
		438833DD1B9FD7E4006D2519 /* Sources */ = {
			isa = PBXSourcesBuildPhase;
			buildActionMask = 2147483647;
			files = (
				438833ED1B9FD7E4006D2519 /* ViewController.m in Sources */,
				438833EA1B9FD7E4006D2519 /* AppDelegate.m in Sources */,
				438833E71B9FD7E4006D2519 /* main.m in Sources */,
			);
			runOnlyForDeploymentPostprocessing = 0;
		};
		438833F61B9FD7E4006D2519 /* Sources */ = {
			isa = PBXSourcesBuildPhase;
			buildActionMask = 2147483647;
			files = (
				438834011B9FD7E4006D2519 /* Hello_worldTests.m in Sources */,
			);
			runOnlyForDeploymentPostprocessing = 0;
		};
/* End PBXSourcesBuildPhase section */

/* Begin PBXTargetDependency section */
		438833FC1B9FD7E4006D2519 /* PBXTargetDependency */ = {
			isa = PBXTargetDependency;
			target = 438833E01B9FD7E4006D2519 /* Hello world */;
			targetProxy = 438833FB1B9FD7E4006D2519 /* PBXContainerItemProxy */;
		};
/* End PBXTargetDependency section */

/* Begin PBXVariantGroup section */
		438833EE1B9FD7E4006D2519 /* Main.storyboard */ = {
			isa = PBXVariantGroup;
			children = (
				438833EF1B9FD7E4006D2519 /* Base */,
			);
			name = Main.storyboard;
			sourceTree = "<group>";
		};
		438833F31B9FD7E4006D2519 /* LaunchScreen.xib */ = {
			isa = PBXVariantGroup;
			children = (
				438833F41B9FD7E4006D2519 /* Base */,
			);
			name = LaunchScreen.xib;
			sourceTree = "<group>";
		};
/* End PBXVariantGroup section */

/* Begin XCBuildConfiguration section */
		438834021B9FD7E4006D2519 /* Debug */ = {
			isa = XCBuildConfiguration;
			buildSettings = {
				ALWAYS_SEARCH_USER_PATHS = NO;
				CLANG_CXX_LANGUAGE_STANDARD = "gnu++0x";
				CLANG_CXX_LIBRARY = "libc++";
				CLANG_ENABLE_MODULES = YES;
				CLANG_ENABLE_OBJC_ARC = YES;
				CLANG_WARN_BOOL_CONVERSION = YES;
				CLANG_WARN_CONSTANT_CONVERSION = YES;
				CLANG_WARN_DIRECT_OBJC_ISA_USAGE = YES_ERROR;
				CLANG_WARN_EMPTY_BODY = YES;
				CLANG_WARN_ENUM_CONVERSION = YES;
				CLANG_WARN_INT_CONVERSION = YES;
				CLANG_WARN_OBJC_ROOT_CLASS = YES_ERROR;
				CLANG_WARN_UNREACHABLE_CODE = YES;
				CLANG_WARN__DUPLICATE_METHOD_MATCH = YES;
				"CODE_SIGN_IDENTITY[sdk=iphoneos*]" = "iPhone Developer";
				COPY_PHASE_STRIP = NO;
				DEBUG_INFORMATION_FORMAT = "dwarf-with-dsym";
				ENABLE_STRICT_OBJC_MSGSEND = YES;
				GCC_C_LANGUAGE_STANDARD = gnu99;
				GCC_DYNAMIC_NO_PIC = NO;
				GCC_NO_COMMON_BLOCKS = YES;
				GCC_OPTIMIZATION_LEVEL = 0;
				GCC_PREPROCESSOR_DEFINITIONS = (
					"DEBUG=1",
					"$(inherited)",
				);
				GCC_SYMBOLS_PRIVATE_EXTERN = NO;
				GCC_WARN_64_TO_32_BIT_CONVERSION = YES;
				GCC_WARN_ABOUT_RETURN_TYPE = YES_ERROR;
				GCC_WARN_UNDECLARED_SELECTOR = YES;
				GCC_WARN_UNINITIALIZED_AUTOS = YES_AGGRESSIVE;
				GCC_WARN_UNUSED_FUNCTION = YES;
				GCC_WARN_UNUSED_VARIABLE = YES;
				IPHONEOS_DEPLOYMENT_TARGET = 8.4;
				MTL_ENABLE_DEBUG_INFO = YES;
				ONLY_ACTIVE_ARCH = YES;
				SDKROOT = iphoneos;
				TARGETED_DEVICE_FAMILY = "1,2";
			};
			name = Debug;
		};
		438834031B9FD7E4006D2519 /* Release */ = {
			isa = XCBuildConfiguration;
			buildSettings = {
				ALWAYS_SEARCH_USER_PATHS = NO;
				CLANG_CXX_LANGUAGE_STANDARD = "gnu++0x";
				CLANG_CXX_LIBRARY = "libc++";
				CLANG_ENABLE_MODULES = YES;
				CLANG_ENABLE_OBJC_ARC = YES;
				CLANG_WARN_BOOL_CONVERSION = YES;
				CLANG_WARN_CONSTANT_CONVERSION = YES;
				CLANG_WARN_DIRECT_OBJC_ISA_USAGE = YES_ERROR;
				CLANG_WARN_EMPTY_BODY = YES;
				CLANG_WARN_ENUM_CONVERSION = YES;
				CLANG_WARN_INT_CONVERSION = YES;
				CLANG_WARN_OBJC_ROOT_CLASS = YES_ERROR;
				CLANG_WARN_UNREACHABLE_CODE = YES;
				CLANG_WARN__DUPLICATE_METHOD_MATCH = YES;
				"CODE_SIGN_IDENTITY[sdk=iphoneos*]" = "iPhone Developer";
				COPY_PHASE_STRIP = NO;
				DEBUG_INFORMATION_FORMAT = "dwarf-with-dsym";
				ENABLE_NS_ASSERTIONS = NO;
				ENABLE_STRICT_OBJC_MSGSEND = YES;
				GCC_C_LANGUAGE_STANDARD = gnu99;
				GCC_NO_COMMON_BLOCKS = YES;
				GCC_WARN_64_TO_32_BIT_CONVERSION = YES;
				GCC_WARN_ABOUT_RETURN_TYPE = YES_ERROR;
				GCC_WARN_UNDECLARED_SELECTOR = YES;
				GCC_WARN_UNINITIALIZED_AUTOS = YES_AGGRESSIVE;
				GCC_WARN_UNUSED_FUNCTION = YES;
				GCC_WARN_UNUSED_VARIABLE = YES;
				IPHONEOS_DEPLOYMENT_TARGET = 8.4;
				MTL_ENABLE_DEBUG_INFO = NO;
				SDKROOT = iphoneos;
				TARGETED_DEVICE_FAMILY = "1,2";
				VALIDATE_PRODUCT = YES;
			};
			name = Release;
		};
		438834051B9FD7E4006D2519 /* Debug */ = {
			isa = XCBuildConfiguration;
			buildSettings = {
				ASSETCATALOG_COMPILER_APPICON_NAME = AppIcon;
				INFOPLIST_FILE = "Hello world/Info.plist";
				LD_RUNPATH_SEARCH_PATHS = "$(inherited) @executable_path/Frameworks";
				PRODUCT_NAME = "$(TARGET_NAME)";
			};
			name = Debug;
		};
		438834061B9FD7E4006D2519 /* Release */ = {
			isa = XCBuildConfiguration;
			buildSettings = {
				ASSETCATALOG_COMPILER_APPICON_NAME = AppIcon;
				INFOPLIST_FILE = "Hello world/Info.plist";
				LD_RUNPATH_SEARCH_PATHS = "$(inherited) @executable_path/Frameworks";
				PRODUCT_NAME = "$(TARGET_NAME)";
			};
			name = Release;
		};
		438834081B9FD7E4006D2519 /* Debug */ = {
			isa = XCBuildConfiguration;
			buildSettings = {
				BUNDLE_LOADER = "$(TEST_HOST)";
				FRAMEWORK_SEARCH_PATHS = (
					"$(SDKROOT)/Developer/Library/Frameworks",
					"$(inherited)",
				);
				GCC_PREPROCESSOR_DEFINITIONS = (
					"DEBUG=1",
					"$(inherited)",
				);
				INFOPLIST_FILE = "Hello worldTests/Info.plist";
				LD_RUNPATH_SEARCH_PATHS = "$(inherited) @executable_path/Frameworks @loader_path/Frameworks";
				PRODUCT_NAME = "$(TARGET_NAME)";
				TEST_HOST = "$(BUILT_PRODUCTS_DIR)/Hello world.app/Hello world";
			};
			name = Debug;
		};
		438834091B9FD7E4006D2519 /* Release */ = {
			isa = XCBuildConfiguration;
			buildSettings = {
				BUNDLE_LOADER = "$(TEST_HOST)";
				FRAMEWORK_SEARCH_PATHS = (
					"$(SDKROOT)/Developer/Library/Frameworks",
					"$(inherited)",
				);
				INFOPLIST_FILE = "Hello worldTests/Info.plist";
				LD_RUNPATH_SEARCH_PATHS = "$(inherited) @executable_path/Frameworks @loader_path/Frameworks";
				PRODUCT_NAME = "$(TARGET_NAME)";
				TEST_HOST = "$(BUILT_PRODUCTS_DIR)/Hello world.app/Hello world";
			};
			name = Release;
		};
/* End XCBuildConfiguration section */

/* Begin XCConfigurationList section */
		438833DC1B9FD7E4006D2519 /* Build configuration list for PBXProject "Hello world" */ = {
			isa = XCConfigurationList;
			buildConfigurations = (
				438834021B9FD7E4006D2519 /* Debug */,
				438834031B9FD7E4006D2519 /* Release */,
			);
			defaultConfigurationIsVisible = 0;
			defaultConfigurationName = Release;
		};
		438834041B9FD7E4006D2519 /* Build configuration list for PBXNativeTarget "Hello world" */ = {
			isa = XCConfigurationList;
			buildConfigurations = (
				438834051B9FD7E4006D2519 /* Debug */,
				438834061B9FD7E4006D2519 /* Release */,
			);
			defaultConfigurationIsVisible = 0;
		};
		438834071B9FD7E4006D2519 /* Build configuration list for PBXNativeTarget "Hello worldTests" */ = {
			isa = XCConfigurationList;
			buildConfigurations = (
				438834081B9FD7E4006D2519 /* Debug */,
				438834091B9FD7E4006D2519 /* Release */,
			);
			defaultConfigurationIsVisible = 0;
		};
/* End XCConfigurationList section */
	};
	rootObject = 438833D91B9FD7E4006D2519 /* Project object */;
}
